
Microsoft Visual Studio Solution File, Format Version 12.00
# Visual Studio Version 16
VisualStudioVersion = 16.6.30114.105
MinimumVisualStudioVersion = 10.0.40219.1
Project("{FAE04EC0-301F-11D3-BF4B-00C04F79EFBC}") = "PizzaBox.Client", "PizzaBox.Client\PizzaBox.Client.csproj", "{D6FD2BCB-645E-4826-AFAB-68925E23B15F}"
EndProject
Project("{FAE04EC0-301F-11D3-BF4B-00C04F79EFBC}") = "PizzaBox.Domain", "PizzaBox.Domain\PizzaBox.Domain.csproj", "{757C6B52-205B-43B1-A2C1-78BAD801CBE9}"
EndProject
Project("{FAE04EC0-301F-11D3-BF4B-00C04F79EFBC}") = "PizzaBox.Testing", "PizzaBox.Testing\PizzaBox.Testing.csproj", "{7220E387-6700-4AAC-AF38-8A78C7DAF6D9}"
EndProject
Project("{FAE04EC0-301F-11D3-BF4B-00C04F79EFBC}") = "PizzaBox.Storing", "PizzaBox.Storing\PizzaBox.Storing.csproj", "{3CB68C57-4524-4FD5-9818-65D8ADE37B7D}"
EndProject
Global
	GlobalSection(SolutionConfigurationPlatforms) = preSolution
		Debug|Any CPU = Debug|Any CPU
		Debug|x64 = Debug|x64
		Debug|x86 = Debug|x86
		Release|Any CPU = Release|Any CPU
		Release|x64 = Release|x64
		Release|x86 = Release|x86
	EndGlobalSection
	GlobalSection(SolutionProperties) = preSolution
		HideSolutionNode = FALSE
	EndGlobalSection
	GlobalSection(ProjectConfigurationPlatforms) = postSolution
		{D6FD2BCB-645E-4826-AFAB-68925E23B15F}.Debug|Any CPU.ActiveCfg = Debug|Any CPU
		{D6FD2BCB-645E-4826-AFAB-68925E23B15F}.Debug|Any CPU.Build.0 = Debug|Any CPU
		{D6FD2BCB-645E-4826-AFAB-68925E23B15F}.Debug|x64.ActiveCfg = Debug|Any CPU
		{D6FD2BCB-645E-4826-AFAB-68925E23B15F}.Debug|x64.Build.0 = Debug|Any CPU
		{D6FD2BCB-645E-4826-AFAB-68925E23B15F}.Debug|x86.ActiveCfg = Debug|Any CPU
		{D6FD2BCB-645E-4826-AFAB-68925E23B15F}.Debug|x86.Build.0 = Debug|Any CPU
		{D6FD2BCB-645E-4826-AFAB-68925E23B15F}.Release|Any CPU.ActiveCfg = Release|Any CPU
		{D6FD2BCB-645E-4826-AFAB-68925E23B15F}.Release|Any CPU.Build.0 = Release|Any CPU
		{D6FD2BCB-645E-4826-AFAB-68925E23B15F}.Release|x64.ActiveCfg = Release|Any CPU
		{D6FD2BCB-645E-4826-AFAB-68925E23B15F}.Release|x64.Build.0 = Release|Any CPU
		{D6FD2BCB-645E-4826-AFAB-68925E23B15F}.Release|x86.ActiveCfg = Release|Any CPU
		{D6FD2BCB-645E-4826-AFAB-68925E23B15F}.Release|x86.Build.0 = Release|Any CPU
		{757C6B52-205B-43B1-A2C1-78BAD801CBE9}.Debug|Any CPU.ActiveCfg = Debug|Any CPU
		{757C6B52-205B-43B1-A2C1-78BAD801CBE9}.Debug|Any CPU.Build.0 = Debug|Any CPU
		{757C6B52-205B-43B1-A2C1-78BAD801CBE9}.Debug|x64.ActiveCfg = Debug|Any CPU
		{757C6B52-205B-43B1-A2C1-78BAD801CBE9}.Debug|x64.Build.0 = Debug|Any CPU
		{757C6B52-205B-43B1-A2C1-78BAD801CBE9}.Debug|x86.ActiveCfg = Debug|Any CPU
		{757C6B52-205B-43B1-A2C1-78BAD801CBE9}.Debug|x86.Build.0 = Debug|Any CPU
		{757C6B52-205B-43B1-A2C1-78BAD801CBE9}.Release|Any CPU.ActiveCfg = Release|Any CPU
		{757C6B52-205B-43B1-A2C1-78BAD801CBE9}.Release|Any CPU.Build.0 = Release|Any CPU
		{757C6B52-205B-43B1-A2C1-78BAD801CBE9}.Release|x64.ActiveCfg = Release|Any CPU
		{757C6B52-205B-43B1-A2C1-78BAD801CBE9}.Release|x64.Build.0 = Release|Any CPU
		{757C6B52-205B-43B1-A2C1-78BAD801CBE9}.Release|x86.ActiveCfg = Release|Any CPU
		{757C6B52-205B-43B1-A2C1-78BAD801CBE9}.Release|x86.Build.0 = Release|Any CPU
		{7220E387-6700-4AAC-AF38-8A78C7DAF6D9}.Debug|Any CPU.ActiveCfg = Debug|Any CPU
		{7220E387-6700-4AAC-AF38-8A78C7DAF6D9}.Debug|Any CPU.Build.0 = Debug|Any CPU
		{7220E387-6700-4AAC-AF38-8A78C7DAF6D9}.Debug|x64.ActiveCfg = Debug|Any CPU
		{7220E387-6700-4AAC-AF38-8A78C7DAF6D9}.Debug|x64.Build.0 = Debug|Any CPU
		{7220E387-6700-4AAC-AF38-8A78C7DAF6D9}.Debug|x86.ActiveCfg = Debug|Any CPU
		{7220E387-6700-4AAC-AF38-8A78C7DAF6D9}.Debug|x86.Build.0 = Debug|Any CPU
		{7220E387-6700-4AAC-AF38-8A78C7DAF6D9}.Release|Any CPU.ActiveCfg = Release|Any CPU
		{7220E387-6700-4AAC-AF38-8A78C7DAF6D9}.Release|Any CPU.Build.0 = Release|Any CPU
		{7220E387-6700-4AAC-AF38-8A78C7DAF6D9}.Release|x64.ActiveCfg = Release|Any CPU
		{7220E387-6700-4AAC-AF38-8A78C7DAF6D9}.Release|x64.Build.0 = Release|Any CPU
		{7220E387-6700-4AAC-AF38-8A78C7DAF6D9}.Release|x86.ActiveCfg = Release|Any CPU
		{7220E387-6700-4AAC-AF38-8A78C7DAF6D9}.Release|x86.Build.0 = Release|Any CPU
		{3CB68C57-4524-4FD5-9818-65D8ADE37B7D}.Debug|Any CPU.ActiveCfg = Debug|Any CPU
		{3CB68C57-4524-4FD5-9818-65D8ADE37B7D}.Debug|Any CPU.Build.0 = Debug|Any CPU
		{3CB68C57-4524-4FD5-9818-65D8ADE37B7D}.Debug|x64.ActiveCfg = Debug|Any CPU
		{3CB68C57-4524-4FD5-9818-65D8ADE37B7D}.Debug|x64.Build.0 = Debug|Any CPU
		{3CB68C57-4524-4FD5-9818-65D8ADE37B7D}.Debug|x86.ActiveCfg = Debug|Any CPU
		{3CB68C57-4524-4FD5-9818-65D8ADE37B7D}.Debug|x86.Build.0 = Debug|Any CPU
		{3CB68C57-4524-4FD5-9818-65D8ADE37B7D}.Release|Any CPU.ActiveCfg = Release|Any CPU
		{3CB68C57-4524-4FD5-9818-65D8ADE37B7D}.Release|Any CPU.Build.0 = Release|Any CPU
		{3CB68C57-4524-4FD5-9818-65D8ADE37B7D}.Release|x64.ActiveCfg = Release|Any CPU
		{3CB68C57-4524-4FD5-9818-65D8ADE37B7D}.Release|x64.Build.0 = Release|Any CPU
		{3CB68C57-4524-4FD5-9818-65D8ADE37B7D}.Release|x86.ActiveCfg = Release|Any CPU
		{3CB68C57-4524-4FD5-9818-65D8ADE37B7D}.Release|x86.Build.0 = Release|Any CPU
	EndGlobalSection
EndGlobal
